{
  "nodes": {
    "flake-utils": {
      "locked": {
        "lastModified": 1605370193,
        "narHash": "sha256-YyMTf3URDL/otKdKgtoMChu4vfVL3vCMkRqpGifhUn0=",
        "owner": "numtide",
        "repo": "flake-utils",
        "rev": "5021eac20303a61fafe17224c087f5519baed54d",
        "type": "github"
      },
      "original": {
        "owner": "numtide",
        "repo": "flake-utils",
        "type": "github"
      }
    },
    "make-shell": {
      "locked": {
        "lastModified": 1625172355,
        "narHash": "sha256-+B6thE3Mgx5sz6Lbs2TKwMAB97pvnwHsDuD18cInClk=",
        "owner": "ursi",
        "repo": "nix-make-shell",
        "rev": "a2e0314a8066d7c19cc5a6b5c26dd9167943164a",
        "type": "github"
      },
      "original": {
        "owner": "ursi",
        "ref": "1",
        "repo": "nix-make-shell",
        "type": "github"
      }
    },
    "nixpkgs": {
      "locked": {
        "lastModified": 1618239124,
        "narHash": "sha256-LMjqlkIRipLCdmp+mx5NfO8gubvk6Qoq8z5Nbh4PSos=",
        "owner": "NixOS",
        "repo": "nixpkgs",
        "rev": "ec2157bc327f1b8843f4020cafa8cefc8b99cf1f",
        "type": "github"
      },
      "original": {
        "owner": "NixOS",
        "ref": "nixpkgs-unstable",
        "repo": "nixpkgs",
        "type": "github"
      }
    },
    "purs-nix": {
      "inputs": {
        "utils": "utils"
      },
      "locked": {
        "lastModified": 1625389361,
        "narHash": "sha256-5azv14WrIHTRO5PXOeMPwhtIrUD2rn4C8Gs4owQ0f34=",
        "owner": "ursi",
        "repo": "purs-nix",
        "rev": "5661271f0cdf9c38babf7cd5d2931757e6ec2e93",
        "type": "github"
      },
      "original": {
        "owner": "ursi",
        "repo": "purs-nix",
        "type": "github"
      }
    },
    "root": {
      "inputs": {
        "nixpkgs": "nixpkgs",
        "purs-nix": "purs-nix",
        "utils": "utils_2"
      }
    },
    "utils": {
      "locked": {
        "lastModified": 1620759905,
        "narHash": "sha256-WiyWawrgmyN0EdmiHyG2V+fqReiVi8bM9cRdMaKQOFg=",
        "owner": "numtide",
        "repo": "flake-utils",
        "rev": "b543720b25df6ffdfcf9227afafc5b8c1fabfae8",
        "type": "github"
      },
      "original": {
        "owner": "numtide",
        "repo": "flake-utils",
        "type": "github"
      }
    },
    "utils_2": {
      "inputs": {
        "flake-utils": "flake-utils",
        "make-shell": "make-shell"
      },
      "locked": {
        "lastModified": 1625172510,
        "narHash": "sha256-Dg/pWpdeL1RGrVZC+NZ/8tyE4AVHN8LQaIsC+5lGet8=",
        "owner": "ursi",
        "repo": "flake-utils",
        "rev": "88f31a4410ad4a682b4d259abc8aeaf87ce97539",
        "type": "github"
      },
      "original": {
        "owner": "ursi",
        "ref": "2",
        "repo": "flake-utils",
        "type": "github"
      }
    }
  },
  "root": "root",
  "version": 7
}
